{
  "requires": true,
  "lockfileVersion": 1,
  "dependencies": {
    "@babel/runtime": {
      "version": "7.8.7",
      "resolved": "https://registry.npmjs.org/@babel/runtime/-/runtime-7.8.7.tgz",
      "integrity": "sha512-+AATMUFppJDw6aiR5NVPHqIQBlV/Pj8wY/EZH+lmvRdUo9xBaz/rF3alAwFJQavvKfeOlPE7oaaDHVbcySbCsg==",
      "requires": {
        "regenerator-runtime": "^0.13.4"
      }
    },
    "@react-md/app-bar": {
      "version": "2.0.0-alpha.0",
      "resolved": "https://registry.npmjs.org/@react-md/app-bar/-/app-bar-2.0.0-alpha.0.tgz",
      "integrity": "sha512-cwiXmO9zV5H3+UylpldUmSX7IBCovW5XUPyCPp6+RXjjzz0plJmIa9Eb7/4Ac8LZCDrhZ+jhtKeHk6bKt9Dcfw==",
      "requires": {
        "@react-md/button": "^2.0.0-alpha.0",
        "@react-md/elevation": "^2.0.0-alpha.0",
        "@react-md/icon": "^2.0.0-alpha.0",
        "@react-md/theme": "^2.0.0-alpha.0",
        "@react-md/typography": "^2.0.0-alpha.0",
        "@react-md/utils": "^2.0.0-alpha.0",
        "classnames": "^2.2.6",
        "prop-types": ">= 15.6"
      }
    },
    "@react-md/avatar": {
      "version": "2.0.0-alpha.0",
      "resolved": "https://registry.npmjs.org/@react-md/avatar/-/avatar-2.0.0-alpha.0.tgz",
      "integrity": "sha512-sE2dmUAg0JFEXwYnIpMDbgQZ58J3x2SN9aFh01ESSR2H4f0hyOsHToBPLEg6zzTGERVtOmPvncwxjrhz1iIjPw==",
      "requires": {
        "@react-md/icon": "^2.0.0-alpha.0",
        "@react-md/theme": "^2.0.0-alpha.0",
        "@react-md/utils": "^2.0.0-alpha.0",
        "classnames": "^2.2.6",
        "prop-types": ">= 15.6"
      }
    },
    "@react-md/button": {
      "version": "2.0.0-alpha.0",
      "resolved": "https://registry.npmjs.org/@react-md/button/-/button-2.0.0-alpha.0.tgz",
      "integrity": "sha512-7unkfBQUeLRqNcOhAFFQS4nHuzUUQvfSO21hWR9SB55MDrAQiYklF+iPy3I2mWnGoUP25UYuwe3zX9EYXWAX4g==",
      "requires": {
        "@react-md/elevation": "^2.0.0-alpha.0",
        "@react-md/icon": "^2.0.0-alpha.0",
        "@react-md/states": "^2.0.0-alpha.0",
        "@react-md/theme": "^2.0.0-alpha.0",
        "@react-md/typography": "^2.0.0-alpha.0",
        "@react-md/utils": "^2.0.0-alpha.0",
        "classnames": "^2.2.6",
        "prop-types": ">= 15.6"
      }
    },
    "@react-md/dialog": {
      "version": "2.0.0-alpha.1",
      "resolved": "https://registry.npmjs.org/@react-md/dialog/-/dialog-2.0.0-alpha.1.tgz",
      "integrity": "sha512-Gp2YYdDxY73/c4btv1Rh6D4F1RAq1dyrmwEwG6jKG3uWIbBrMFXBV95i9Qr32z+lQGigxLF1HMuxa4yqbGJjTw==",
      "requires": {
        "@react-md/app-bar": "^2.0.0-alpha.1",
        "@react-md/elevation": "^2.0.0-alpha.1",
        "@react-md/overlay": "^2.0.0-alpha.1",
        "@react-md/portal": "^2.0.0-alpha.1",
        "@react-md/theme": "^2.0.0-alpha.1",
        "@react-md/transition": "^2.0.0-alpha.1",
        "@react-md/typography": "^2.0.0-alpha.1",
        "@react-md/utils": "^2.0.0-alpha.1",
        "@react-md/wia-aria": "^2.0.0-alpha.1",
        "classnames": "^2.2.6",
        "prop-types": ">= 15.6",
        "react-transition-group": "^4.0.0"
      },
      "dependencies": {
        "@react-md/app-bar": {
          "version": "2.0.0-alpha.14",
          "resolved": "https://registry.npmjs.org/@react-md/app-bar/-/app-bar-2.0.0-alpha.14.tgz",
          "integrity": "sha512-YvyA1XgVZYwrkQKxQ4p9SMthaWvZkETh5oDhA68N3hXYEJwHCcO3s3fDJ+9JaI9g97swxIDUIx3khimfFb9Y4g==",
          "requires": {
            "@react-md/button": "^2.0.0-alpha.14",
            "@react-md/elevation": "^2.0.0-alpha.14",
            "@react-md/icon": "^2.0.0-alpha.14",
            "@react-md/theme": "^2.0.0-alpha.14",
            "@react-md/typography": "^2.0.0-alpha.14",
            "@react-md/utils": "^2.0.0-alpha.14",
            "classnames": "^2.2.6",
            "prop-types": ">= 15.6"
          }
        },
        "@react-md/button": {
          "version": "2.0.0-alpha.14",
          "resolved": "https://registry.npmjs.org/@react-md/button/-/button-2.0.0-alpha.14.tgz",
          "integrity": "sha512-Jgd65NXKgawqXIZPz8Q/HEAgBPeP12AVr8+yyxCpL4hntg2rjxcwrFrMwrJlZSj+1ghIcnyGwBeTEGx0ooLCjA==",
          "requires": {
            "@react-md/elevation": "^2.0.0-alpha.14",
            "@react-md/icon": "^2.0.0-alpha.14",
            "@react-md/states": "^2.0.0-alpha.14",
            "@react-md/theme": "^2.0.0-alpha.14",
            "@react-md/typography": "^2.0.0-alpha.14",
            "@react-md/utils": "^2.0.0-alpha.14",
            "classnames": "^2.2.6",
            "prop-types": ">= 15.6"
          }
        },
        "@react-md/elevation": {
          "version": "2.0.0-alpha.14",
          "resolved": "https://registry.npmjs.org/@react-md/elevation/-/elevation-2.0.0-alpha.14.tgz",
          "integrity": "sha512-pQpNExzMRo6Hq4D18lJroJdEFiwJg1uUEXOxcuqrd93Z/zFdkEOTjJcL5QMfXJT5/jgN1atAKkDZboV/2M3PuQ==",
          "requires": {
            "@react-md/theme": "^2.0.0-alpha.14",
            "@react-md/transition": "^2.0.0-alpha.14",
            "@react-md/utils": "^2.0.0-alpha.14"
          }
        },
        "@react-md/icon": {
          "version": "2.0.0-alpha.14",
          "resolved": "https://registry.npmjs.org/@react-md/icon/-/icon-2.0.0-alpha.14.tgz",
          "integrity": "sha512-lk0lkdGHYfF6mnhTQNWpu3xCzamC08guFjqjAblprEpTjztzxt+P6qLfMAwCZYSg1xBDKUF4r9NbZyPd28OFxQ==",
          "requires": {
            "@react-md/theme": "^2.0.0-alpha.14",
            "@react-md/typography": "^2.0.0-alpha.14",
            "@react-md/utils": "^2.0.0-alpha.14",
            "classnames": "^2.2.6",
            "prop-types": ">= 15.6"
          }
        },
        "@react-md/states": {
          "version": "2.0.0-alpha.14",
          "resolved": "https://registry.npmjs.org/@react-md/states/-/states-2.0.0-alpha.14.tgz",
          "integrity": "sha512-ybEsdWdteBcplyUVtD4kQOZp52GJQiaR774YhdTlgFZvbYPDfcLKEN3Z5h4ucgiQfrudDvqZDmjMLSIBLIFhWw==",
          "requires": {
            "@react-md/theme": "^2.0.0-alpha.14",
            "@react-md/transition": "^2.0.0-alpha.14",
            "@react-md/utils": "^2.0.0-alpha.14",
            "prop-types": ">= 15.6",
            "react-transition-group": "^4.3.0"
          }
        },
        "@react-md/theme": {
          "version": "2.0.0-alpha.14",
          "resolved": "https://registry.npmjs.org/@react-md/theme/-/theme-2.0.0-alpha.14.tgz",
          "integrity": "sha512-mkcTwvc8XVYOF4scG88z3NO8MQ8waAVDxuS1NUVGWSHumSJ9+bKtWs8FnpBfWhDa/iz3u3li5UZUCzy1151cCQ==",
          "requires": {
            "@react-md/utils": "^2.0.0-alpha.14",
            "prop-types": ">= 15.6"
          }
        },
        "@react-md/transition": {
          "version": "2.0.0-alpha.14",
          "resolved": "https://registry.npmjs.org/@react-md/transition/-/transition-2.0.0-alpha.14.tgz",
          "integrity": "sha512-bj/vaatvawHscDh2CvZ/ofkgY5OdsoUf9+rD/LrvhcslXXO4+oq+v60j7EWcN5Kdn1GuwHXYlcLg0YISZWmiOQ==",
          "requires": {
            "@react-md/portal": "^2.0.0-alpha.13",
            "@react-md/theme": "^2.0.0-alpha.14",
            "@react-md/utils": "^2.0.0-alpha.14",
            "@types/react-transition-group": "^4.2.3",
            "classnames": "^2.2.6",
            "prop-types": ">= 15.6",
            "react-transition-group": "^4.3.0"
          }
        },
        "@react-md/typography": {
          "version": "2.0.0-alpha.14",
          "resolved": "https://registry.npmjs.org/@react-md/typography/-/typography-2.0.0-alpha.14.tgz",
          "integrity": "sha512-h/HK4x0L3j/SruWtfoMJebWT1c8DOTSr/Mhqt1DuMj+AG3mgTNxAToTeNVDb9aA7++8bzf2mnga8Ac2mQPhTGw==",
          "requires": {
            "@react-md/theme": "^2.0.0-alpha.14",
            "@react-md/utils": "^2.0.0-alpha.14",
            "classnames": "^2.2.6",
            "prop-types": ">= 15.6"
          }
        },
        "@react-md/utils": {
          "version": "2.0.0-alpha.14",
          "resolved": "https://registry.npmjs.org/@react-md/utils/-/utils-2.0.0-alpha.14.tgz",
          "integrity": "sha512-Wbm3BHTTWmmWPHJvP9qLy575klBxX0aziYaJxwgEr21nVbf8RyywdcZF/hVZdLC/12CiUPlEZptjHI41PMHFZQ==",
          "requires": {
            "resize-observer-polyfill": "^1.5.1"
          }
        },
        "@react-md/wia-aria": {
          "version": "2.0.0-alpha.5",
          "resolved": "https://registry.npmjs.org/@react-md/wia-aria/-/wia-aria-2.0.0-alpha.5.tgz",
          "integrity": "sha512-0Q+hhwOE694zA5ZWcMwEVuRQXd1LPxgCgZYnxbynPiu5QSBQYwFnPrhzlEWgRDlcsyLyQH0MllEWGRbdUYPTxg==",
          "requires": {
            "@react-md/utils": "^2.0.0-alpha.5",
            "prop-types": ">= 15.6"
          }
        },
        "dom-helpers": {
          "version": "5.1.3",
          "resolved": "https://registry.npmjs.org/dom-helpers/-/dom-helpers-5.1.3.tgz",
          "integrity": "sha512-nZD1OtwfWGRBWlpANxacBEZrEuLa16o1nh7YopFWeoF68Zt8GGEmzHu6Xv4F3XaFIC+YXtTLrzgqKxFgLEe4jw==",
          "requires": {
            "@babel/runtime": "^7.6.3",
            "csstype": "^2.6.7"
          }
        },
        "react-transition-group": {
          "version": "4.3.0",
          "resolved": "https://registry.npmjs.org/react-transition-group/-/react-transition-group-4.3.0.tgz",
          "integrity": "sha512-1qRV1ZuVSdxPlPf4O8t7inxUGpdyO5zG9IoNfJxSO0ImU2A1YWkEQvFPuIPZmMLkg5hYs7vv5mMOyfgSkvAwvw==",
          "requires": {
            "@babel/runtime": "^7.5.5",
            "dom-helpers": "^5.0.1",
            "loose-envify": "^1.4.0",
            "prop-types": "^15.6.2"
          }
        }
      }
    },
    "@react-md/divider": {
      "version": "2.0.0-alpha.0",
      "resolved": "https://registry.npmjs.org/@react-md/divider/-/divider-2.0.0-alpha.0.tgz",
      "integrity": "sha512-umhFdNvj11lBTDbM3LvbZEmH1t3Rm3a9L4ry6bEKOhshsJ1Js2a9u820JkYEWFSR2eg8807lrISEK3hyrAKIyA==",
      "requires": {
        "@react-md/theme": "^2.0.0-alpha.0",
        "@react-md/utils": "^2.0.0-alpha.0",
        "classnames": "^2.2.6",
        "prop-types": ">= 15.6"
      }
    },
    "@react-md/elevation": {
      "version": "2.0.0-alpha.0",
      "resolved": "https://registry.npmjs.org/@react-md/elevation/-/elevation-2.0.0-alpha.0.tgz",
      "integrity": "sha512-2Q18ork9r+0cYrRlpdJIsRMeF/IJsiE2wXMY3pMZI0e4yaxziouLksTcpsxOqU3PYwBotkh9H2iIjlOkdJUkeA==",
      "requires": {
        "@react-md/theme": "^2.0.0-alpha.0",
        "@react-md/transition": "^2.0.0-alpha.0"
      }
    },
    "@react-md/icon": {
      "version": "2.0.0-alpha.0",
      "resolved": "https://registry.npmjs.org/@react-md/icon/-/icon-2.0.0-alpha.0.tgz",
      "integrity": "sha512-I8SmJzSKDu2cbgIIkVu5vmPRKueB7SpjsDMKsDEsZthYZbVhuYboNjE3u5vL6qmvrzbuKdb0FUG4ZDqDBvdhGQ==",
      "requires": {
        "@react-md/theme": "^2.0.0-alpha.0",
        "@react-md/typography": "^2.0.0-alpha.0",
        "@react-md/utils": "^2.0.0-alpha.0",
        "classnames": "^2.2.6",
        "prop-types": ">= 15.6"
      }
    },
    "@react-md/list": {
      "version": "2.0.0-alpha.0",
      "resolved": "https://registry.npmjs.org/@react-md/list/-/list-2.0.0-alpha.0.tgz",
      "integrity": "sha512-W24NAeO2i8c6wPPq5IC/7OQs2BqKPtLAw2Va4FyvPHda2Z8bUvEL4LAZCZT230Tp+lN6kMXosp9gMRpguHBs5w==",
      "requires": {
        "@react-md/avatar": "^2.0.0-alpha.0",
        "@react-md/divider": "^2.0.0-alpha.0",
        "@react-md/icon": "^2.0.0-alpha.0",
        "@react-md/states": "^2.0.0-alpha.0",
        "@react-md/theme": "^2.0.0-alpha.0",
        "@react-md/typography": "^2.0.0-alpha.0",
        "@react-md/utils": "^2.0.0-alpha.0",
        "classnames": "^2.2.6",
        "prop-types": ">= 15.6"
      }
    },
    "@react-md/overlay": {
      "version": "2.0.0-alpha.14",
      "resolved": "https://registry.npmjs.org/@react-md/overlay/-/overlay-2.0.0-alpha.14.tgz",
      "integrity": "sha512-g7W3iOPYRniofP7fLqGdCSf2TKSTJXd4xhb5yNZFgDjwvhWPY5JQm97DTsPHlH2bqb9yLW2q2s5ivYV84228+w==",
      "requires": {
        "@react-md/portal": "^2.0.0-alpha.13",
        "@react-md/theme": "^2.0.0-alpha.14",
        "@react-md/transition": "^2.0.0-alpha.14",
        "@react-md/utils": "^2.0.0-alpha.14",
        "classnames": "^2.2.6",
        "prop-types": ">= 15.6",
        "react-transition-group": "^4.3.0"
      },
      "dependencies": {
        "@react-md/theme": {
          "version": "2.0.0-alpha.14",
          "resolved": "https://registry.npmjs.org/@react-md/theme/-/theme-2.0.0-alpha.14.tgz",
          "integrity": "sha512-mkcTwvc8XVYOF4scG88z3NO8MQ8waAVDxuS1NUVGWSHumSJ9+bKtWs8FnpBfWhDa/iz3u3li5UZUCzy1151cCQ==",
          "requires": {
            "@react-md/utils": "^2.0.0-alpha.14",
            "prop-types": ">= 15.6"
          }
        },
        "@react-md/transition": {
          "version": "2.0.0-alpha.14",
          "resolved": "https://registry.npmjs.org/@react-md/transition/-/transition-2.0.0-alpha.14.tgz",
          "integrity": "sha512-bj/vaatvawHscDh2CvZ/ofkgY5OdsoUf9+rD/LrvhcslXXO4+oq+v60j7EWcN5Kdn1GuwHXYlcLg0YISZWmiOQ==",
          "requires": {
            "@react-md/portal": "^2.0.0-alpha.13",
            "@react-md/theme": "^2.0.0-alpha.14",
            "@react-md/utils": "^2.0.0-alpha.14",
            "@types/react-transition-group": "^4.2.3",
            "classnames": "^2.2.6",
            "prop-types": ">= 15.6",
            "react-transition-group": "^4.3.0"
          }
        },
        "@react-md/utils": {
          "version": "2.0.0-alpha.14",
          "resolved": "https://registry.npmjs.org/@react-md/utils/-/utils-2.0.0-alpha.14.tgz",
          "integrity": "sha512-Wbm3BHTTWmmWPHJvP9qLy575klBxX0aziYaJxwgEr21nVbf8RyywdcZF/hVZdLC/12CiUPlEZptjHI41PMHFZQ==",
          "requires": {
            "resize-observer-polyfill": "^1.5.1"
          }
        },
        "dom-helpers": {
          "version": "5.1.3",
          "resolved": "https://registry.npmjs.org/dom-helpers/-/dom-helpers-5.1.3.tgz",
          "integrity": "sha512-nZD1OtwfWGRBWlpANxacBEZrEuLa16o1nh7YopFWeoF68Zt8GGEmzHu6Xv4F3XaFIC+YXtTLrzgqKxFgLEe4jw==",
          "requires": {
            "@babel/runtime": "^7.6.3",
            "csstype": "^2.6.7"
          }
        },
        "react-transition-group": {
          "version": "4.3.0",
          "resolved": "https://registry.npmjs.org/react-transition-group/-/react-transition-group-4.3.0.tgz",
          "integrity": "sha512-1qRV1ZuVSdxPlPf4O8t7inxUGpdyO5zG9IoNfJxSO0ImU2A1YWkEQvFPuIPZmMLkg5hYs7vv5mMOyfgSkvAwvw==",
          "requires": {
            "@babel/runtime": "^7.5.5",
            "dom-helpers": "^5.0.1",
            "loose-envify": "^1.4.0",
            "prop-types": "^15.6.2"
          }
        }
      }
    },
    "@react-md/portal": {
      "version": "2.0.0-alpha.13",
      "resolved": "https://registry.npmjs.org/@react-md/portal/-/portal-2.0.0-alpha.13.tgz",
      "integrity": "sha512-3g+zZ7eiSabJvsqWi8Onbmi4MHF+aKucu2YnqynS51ZXFaO8km+OrFeMZlOl7QhxX1ziRjQzQC4D2b5IbW4qbA==",
      "requires": {
        "prop-types": ">= 15.6"
      }
    },
    "@react-md/sheet": {
      "version": "2.0.0-alpha.0",
      "resolved": "https://registry.npmjs.org/@react-md/sheet/-/sheet-2.0.0-alpha.0.tgz",
      "integrity": "sha512-mYkkCU+mNJbHOSyFJDKzxQylK1j1M73gVMFxKEs7cs1bh+OQQEryDs8kqFboHKSQM9wqrEWVSLw7wcdfTpivoA==",
      "requires": {
        "@react-md/elevation": "^2.0.0-alpha.0",
        "@react-md/overlay": "^2.0.0-alpha.0",
        "@react-md/theme": "^2.0.0-alpha.0",
        "@react-md/transition": "^2.0.0-alpha.0",
        "@react-md/utils": "^2.0.0-alpha.0",
        "classnames": "^2.2.6",
        "prop-types": ">= 15.6"
      }
    },
    "@react-md/states": {
      "version": "2.0.0-alpha.0",
      "resolved": "https://registry.npmjs.org/@react-md/states/-/states-2.0.0-alpha.0.tgz",
      "integrity": "sha512-HeNOcVXU3kGDXA4yES9PBXXbpnb3783k0Gv39ChmWECz8n7zNNkTvRfxuf8PjZ3ddzUNVJqJ9zbfvH4XPPTKdw==",
      "requires": {
        "@react-md/theme": "^2.0.0-alpha.0",
        "@react-md/transition": "^2.0.0-alpha.0",
        "@react-md/utils": "^2.0.0-alpha.0",
        "@react-md/wia-aria": "^2.0.0-alpha.0",
        "prop-types": ">= 15.6",
        "react-transition-group": "^2.6.0"
      }
    },
    "@react-md/theme": {
      "version": "2.0.0-alpha.0",
      "resolved": "https://registry.npmjs.org/@react-md/theme/-/theme-2.0.0-alpha.0.tgz",
      "integrity": "sha512-58jBucKFKyWbLhW3gWeeXLFDsbSNfPcZyl2+WCGzLf08RhL/nuXwwOdvTEZ+PjkHTAdpp60s8Ro1/P3ihBnXUQ==",
      "requires": {
        "@react-md/utils": "^2.0.0-alpha.0",
        "prop-types": ">= 15.6"
      }
    },
    "@react-md/tooltip": {
      "version": "2.0.0-alpha.0",
      "resolved": "https://registry.npmjs.org/@react-md/tooltip/-/tooltip-2.0.0-alpha.0.tgz",
      "integrity": "sha512-KNpYXVJgKLcnilP2GAW8lzaV+KldRFra9hr4vWqKVOmMQfwme5DYWvPgQnw5qkdUnYg89O9bXB/SBsVOBquAew==",
      "requires": {
        "@react-md/portal": "^2.0.0-alpha.0",
        "@react-md/theme": "^2.0.0-alpha.0",
        "@react-md/transition": "^2.0.0-alpha.0",
        "@react-md/typography": "^2.0.0-alpha.0",
        "@react-md/utils": "^2.0.0-alpha.0",
        "classnames": "^2.2.6",
        "prop-types": ">= 15.6",
        "react-transition-group": "^2.6.0"
      }
    },
    "@react-md/transition": {
      "version": "2.0.0-alpha.0",
      "resolved": "https://registry.npmjs.org/@react-md/transition/-/transition-2.0.0-alpha.0.tgz",
      "integrity": "sha512-bEaes04ZY9vxHMWl8YfHEjhHqo3TekFeXkO1JeB2jj27u9S/fOlNLdk8fgpVD8nZN1yakdyvU9Z3jdV18aJOgw==",
      "requires": {
        "@react-md/theme": "^2.0.0-alpha.0",
        "@react-md/utils": "^2.0.0-alpha.0",
        "classnames": "^2.2.6",
        "prop-types": ">= 15.6"
      }
    },
    "@react-md/typography": {
      "version": "2.0.0-alpha.0",
      "resolved": "https://registry.npmjs.org/@react-md/typography/-/typography-2.0.0-alpha.0.tgz",
      "integrity": "sha512-FfSscTJmzGFxzZu5gGIzasIxAxyWQ6lsdybuw+pJYXgbE0KVRd5dkY7LK0d+QdgR9UoLM5vpzpnMxpoFF/XeUw==",
      "requires": {
        "@react-md/theme": "^2.0.0-alpha.0",
        "@react-md/utils": "^2.0.0-alpha.0",
        "classnames": "^2.2.6",
        "prop-types": ">= 15.6"
      }
    },
    "@react-md/utils": {
      "version": "2.0.0-alpha.0",
      "resolved": "https://registry.npmjs.org/@react-md/utils/-/utils-2.0.0-alpha.0.tgz",
      "integrity": "sha512-12jDCL5+RTxYkvRfeacwsb6Lj7xWCJDpNLh2K+ONcZo8/OSbKevNlZTEA70owsWw/ZFHvrDxueR7Qm/On5tzoQ=="
    },
    "@react-md/wia-aria": {
      "version": "2.0.0-alpha.0",
      "resolved": "https://registry.npmjs.org/@react-md/wia-aria/-/wia-aria-2.0.0-alpha.0.tgz",
      "integrity": "sha512-3WmgvGdVfD2Dfvmw5fM71aVuzAtec7txg4MB06it6tbPUJpwDJGZTUGB9wiG6FPP9fyvlhyh5G3psYhWNGis9Q==",
      "requires": {
        "prop-types": ">= 15.6"
      }
    },
    "@types/history": {
      "version": "4.7.5",
      "resolved": "https://registry.npmjs.org/@types/history/-/history-4.7.5.tgz",
      "integrity": "sha512-wLD/Aq2VggCJXSjxEwrMafIP51Z+13H78nXIX0ABEuIGhmB5sNGbR113MOKo+yfw+RDo1ZU3DM6yfnnRF/+ouw=="
    },
    "@types/prop-types": {
      "version": "15.7.3",
      "resolved": "https://registry.npmjs.org/@types/prop-types/-/prop-types-15.7.3.tgz",
      "integrity": "sha512-KfRL3PuHmqQLOG+2tGpRO26Ctg+Cq1E01D2DMriKEATHgWLfeNDmq9e29Q9WIky0dQ3NPkd1mzYH8Lm936Z9qw=="
    },
    "@types/react": {
      "version": "16.9.23",
      "resolved": "https://registry.npmjs.org/@types/react/-/react-16.9.23.tgz",
      "integrity": "sha512-SsGVT4E7L2wLN3tPYLiF20hmZTPGuzaayVunfgXzUn1x4uHVsKH6QDJQ/TdpHqwsTLd4CwrmQ2vOgxN7gE24gw==",
      "requires": {
        "@types/prop-types": "*",
        "csstype": "^2.2.0"
      }
    },
    "@types/react-router": {
      "version": "5.1.4",
      "resolved": "https://registry.npmjs.org/@types/react-router/-/react-router-5.1.4.tgz",
      "integrity": "sha512-PZtnBuyfL07sqCJvGg3z+0+kt6fobc/xmle08jBiezLS8FrmGeiGkJnuxL/8Zgy9L83ypUhniV5atZn/L8n9MQ==",
      "requires": {
        "@types/history": "*",
        "@types/react": "*"
      }
    },
    "@types/react-router-dom": {
      "version": "5.1.3",
      "resolved": "https://registry.npmjs.org/@types/react-router-dom/-/react-router-dom-5.1.3.tgz",
      "integrity": "sha512-pCq7AkOvjE65jkGS5fQwQhvUp4+4PVD9g39gXLZViP2UqFiFzsEpB3PKf0O6mdbKsewSK8N14/eegisa/0CwnA==",
      "requires": {
        "@types/history": "*",
        "@types/react": "*",
        "@types/react-router": "*"
      }
    },
    "@types/react-transition-group": {
      "version": "4.2.4",
      "resolved": "https://registry.npmjs.org/@types/react-transition-group/-/react-transition-group-4.2.4.tgz",
      "integrity": "sha512-8DMUaDqh0S70TjkqU0DxOu80tFUiiaS9rxkWip/nb7gtvAsbqOXm02UCmR8zdcjWujgeYPiPNTVpVpKzUDotwA==",
      "requires": {
        "@types/react": "*"
      }
    },
    "classnames": {
      "version": "2.2.6",
      "resolved": "https://registry.npmjs.org/classnames/-/classnames-2.2.6.tgz",
      "integrity": "sha512-JR/iSQOSt+LQIWwrwEzJ9uk0xfN3mTVYMwt1Ir5mUcSN6pU+V4zQFFaJsclJbPuAUQH+yfWef6tm7l1quW3C8Q=="
    },
    "csstype": {
      "version": "2.6.9",
      "resolved": "https://registry.npmjs.org/csstype/-/csstype-2.6.9.tgz",
      "integrity": "sha512-xz39Sb4+OaTsULgUERcCk+TJj8ylkL4aSVDQiX/ksxbELSqwkgt4d4RD7fovIdgJGSuNYqwZEiVjYY5l0ask+Q=="
    },
    "dom-helpers": {
      "version": "3.4.0",
      "resolved": "https://registry.npmjs.org/dom-helpers/-/dom-helpers-3.4.0.tgz",
      "integrity": "sha512-LnuPJ+dwqKDIyotW1VzmOZ5TONUN7CwkCR5hrgawTUbkBGYdeoNLZo6nNfGkCrjtE1nXXaj7iMMpDa8/d9WoIA==",
      "requires": {
        "@babel/runtime": "^7.1.2"
      }
    },
    "eslint-plugin-sort-keys-fix": {
      "version": "1.1.0",
      "resolved": "https://registry.npmjs.org/eslint-plugin-sort-keys-fix/-/eslint-plugin-sort-keys-fix-1.1.0.tgz",
      "integrity": "sha512-6q5lM4eLjEui/GUUvrb7yTWWxslY0j7W4Ra6/F1t460fXLXtn18s0fDPqSYLsnXa6gXg+PYgh4eqdQbkgrqTpg==",
      "requires": {
        "requireindex": "~1.2.0"
      }
    },
    "js-tokens": {
      "version": "4.0.0",
      "resolved": "https://registry.npmjs.org/js-tokens/-/js-tokens-4.0.0.tgz",
      "integrity": "sha512-RdJUflcE3cUzKiMqQgsCu06FPu9UdIJO0beYbPhHN4k6apgJtifcoCtT9bcxOpYBtpD2kCM6Sbzg4CausW/PKQ=="
    },
    "loose-envify": {
      "version": "1.4.0",
      "resolved": "https://registry.npmjs.org/loose-envify/-/loose-envify-1.4.0.tgz",
      "integrity": "sha512-lyuxPGr/Wfhrlem2CL/UcnUc1zcqKAImBDzukY7Y5F/yQiNdko6+fRLevlw1HgMySw7f611UIY408EtxRSoK3Q==",
      "requires": {
        "js-tokens": "^3.0.0 || ^4.0.0"
      }
    },
    "object-assign": {
      "version": "4.1.1",
      "resolved": "https://registry.npmjs.org/object-assign/-/object-assign-4.1.1.tgz",
      "integrity": "sha1-IQmtx5ZYh8/AXLvUQsrIv7s2CGM="
    },
    "prop-types": {
      "version": "15.7.2",
      "resolved": "https://registry.npmjs.org/prop-types/-/prop-types-15.7.2.tgz",
      "integrity": "sha512-8QQikdH7//R2vurIJSutZ1smHYTcLpRWEOlHnzcWHmBYrOGUysKwSsrC89BCiFj3CbrfJ/nXFdJepOVrY1GCHQ==",
      "requires": {
        "loose-envify": "^1.4.0",
        "object-assign": "^4.1.1",
        "react-is": "^16.8.1"
      }
    },
    "react-is": {
      "version": "16.13.0",
      "resolved": "https://registry.npmjs.org/react-is/-/react-is-16.13.0.tgz",
      "integrity": "sha512-GFMtL0vHkiBv9HluwNZTggSn/sCyEt9n02aM0dSAjGGyqyNlAyftYm4phPxdvCigG15JreC5biwxCgTAJZ7yAA=="
    },
    "react-lifecycles-compat": {
      "version": "3.0.4",
      "resolved": "https://registry.npmjs.org/react-lifecycles-compat/-/react-lifecycles-compat-3.0.4.tgz",
      "integrity": "sha512-fBASbA6LnOU9dOU2eW7aQ8xmYBSXUIWr+UmF9b1efZBazGNO+rcXT/icdKnYm2pTwcRylVUYwW7H1PHfLekVzA=="
    },
    "react-transition-group": {
      "version": "2.9.0",
      "resolved": "https://registry.npmjs.org/react-transition-group/-/react-transition-group-2.9.0.tgz",
      "integrity": "sha512-+HzNTCHpeQyl4MJ/bdE0u6XRMe9+XG/+aL4mCxVN4DnPBQ0/5bfHWPDuOZUzYdMj94daZaZdCCc1Dzt9R/xSSg==",
      "requires": {
        "dom-helpers": "^3.4.0",
        "loose-envify": "^1.4.0",
        "prop-types": "^15.6.2",
        "react-lifecycles-compat": "^3.0.4"
      }
    },
    "regenerator-runtime": {
      "version": "0.13.5",
      "resolved": "https://registry.npmjs.org/regenerator-runtime/-/regenerator-runtime-0.13.5.tgz",
      "integrity": "sha512-ZS5w8CpKFinUzOwW3c83oPeVXoNsrLsaCoLtJvAClH135j/R77RuymhiSErhm2lKcwSCIpmvIWSbDkIfAqKQlA=="
    },
    "requireindex": {
      "version": "1.2.0",
      "resolved": "https://registry.npmjs.org/requireindex/-/requireindex-1.2.0.tgz",
      "integrity": "sha512-L9jEkOi3ASd9PYit2cwRfyppc9NoABujTP8/5gFcbERmo5jUoAKovIC3fsF17pkTnGsrByysqX+Kxd2OTNI1ww=="
    },
    "resize-observer-polyfill": {
      "version": "1.5.1",
      "resolved": "https://registry.npmjs.org/resize-observer-polyfill/-/resize-observer-polyfill-1.5.1.tgz",
      "integrity": "sha512-LwZrotdHOo12nQuZlHEmtuXdqGoOD0OhaxopaNFxWzInpEgaLWoVuAMbTzixuosCx2nEG58ngzW3vxdWoxIgdg=="
    }
  }
}
